// !$*UTF8*$!
{
	archiveVersion = 1;
	classes = {
	};
	objectVersion = 46;
	objects = {

/* Begin PBXBuildFile section */
		C6509D9D1CCDF8400054FBE1 /* AppDelegate.swift in Sources */ = {isa = PBXBuildFile; fileRef = C6509D9C1CCDF8400054FBE1 /* AppDelegate.swift */; };
		C6509D9F1CCDF8400054FBE1 /* ViewController.swift in Sources */ = {isa = PBXBuildFile; fileRef = C6509D9E1CCDF8400054FBE1 /* ViewController.swift */; };
		C6509DA21CCDF8400054FBE1 /* Main.storyboard in Resources */ = {isa = PBXBuildFile; fileRef = C6509DA01CCDF8400054FBE1 /* Main.storyboard */; };
		C6509DA41CCDF8400054FBE1 /* Assets.xcassets in Resources */ = {isa = PBXBuildFile; fileRef = C6509DA31CCDF8400054FBE1 /* Assets.xcassets */; };
		C6509DA71CCDF8400054FBE1 /* LaunchScreen.storyboard in Resources */ = {isa = PBXBuildFile; fileRef = C6509DA51CCDF8400054FBE1 /* LaunchScreen.storyboard */; };
/* End PBXBuildFile section */

/* Begin PBXFileReference section */
		C6509D991CCDF8400054FBE1 /* WebReq-test.app */ = {isa = PBXFileReference; explicitFileType = wrapper.application; includeInIndex = 0; path = "WebReq-test.app"; sourceTree = BUILT_PRODUCTS_DIR; };
		C6509D9C1CCDF8400054FBE1 /* AppDelegate.swift */ = {isa = PBXFileReference; lastKnownFileType = sourcecode.swift; path = AppDelegate.swift; sourceTree = "<group>"; };
		C6509D9E1CCDF8400054FBE1 /* ViewController.swift */ = {isa = PBXFileReference; lastKnownFileType = sourcecode.swift; path = ViewController.swift; sourceTree = "<group>"; };
		C6509DA11CCDF8400054FBE1 /* Base */ = {isa = PBXFileReference; lastKnownFileType = file.storyboard; name = Base; path = Base.lproj/Main.storyboard; sourceTree = "<group>"; };
		C6509DA31CCDF8400054FBE1 /* Assets.xcassets */ = {isa = PBXFileReference; lastKnownFileType = folder.assetcatalog; path = Assets.xcassets; sourceTree = "<group>"; };
		C6509DA61CCDF8400054FBE1 /* Base */ = {isa = PBXFileReference; lastKnownFileType = file.storyboard; name = Base; path = Base.lproj/LaunchScreen.storyboard; sourceTree = "<group>"; };
		C6509DA81CCDF8400054FBE1 /* Info.plist */ = {isa = PBXFileReference; lastKnownFileType = text.plist.xml; path = Info.plist; sourceTree = "<group>"; };
/* End PBXFileReference section */

/* Begin PBXFrameworksBuildPhase section */
		C6509D961CCDF8400054FBE1 /* Frameworks */ = {
			isa = PBXFrameworksBuildPhase;
			buildActionMask = 2147483647;
			files = (
			);
			runOnlyForDeploymentPostprocessing = 0;
		};
/* End PBXFrameworksBuildPhase section */

/* Begin PBXGroup section */
		C6509D901CCDF83F0054FBE1 = {
			isa = PBXGroup;
			children = (
				C6509D9B1CCDF8400054FBE1 /* WebReq-test */,
				C6509D9A1CCDF8400054FBE1 /* Products */,
			);
			sourceTree = "<group>";
		};
		C6509D9A1CCDF8400054FBE1 /* Products */ = {
			isa = PBXGroup;
			children = (
				C6509D991CCDF8400054FBE1 /* WebReq-test.app */,
			);
			name = Products;
			sourceTree = "<group>";
		};
		C6509D9B1CCDF8400054FBE1 /* WebReq-test */ = {
			isa = PBXGroup;
			children = (
				C6509D9C1CCDF8400054FBE1 /* AppDelegate.swift */,
				C6509D9E1CCDF8400054FBE1 /* ViewController.swift */,
				C6509DA01CCDF8400054FBE1 /* Main.storyboard */,
				C6509DA31CCDF8400054FBE1 /* Assets.xcassets */,
				C6509DA51CCDF8400054FBE1 /* LaunchScreen.storyboard */,
				C6509DA81CCDF8400054FBE1 /* Info.plist */,
			);
			path = "WebReq-test";
			sourceTree = "<group>";
		};
/* End PBXGroup section */

/* Begin PBXNativeTarget section */
		C6509D981CCDF8400054FBE1 /* WebReq-test */ = {
			isa = PBXNativeTarget;
			buildConfigurationList = C6509DAB1CCDF8400054FBE1 /* Build configuration list for PBXNativeTarget "WebReq-test" */;
			buildPhases = (
				C6509D951CCDF8400054FBE1 /* Sources */,
				C6509D961CCDF8400054FBE1 /* Frameworks */,
				C6509D971CCDF8400054FBE1 /* Resources */,
			);
			buildRules = (
			);
			dependencies = (
			);
			name = "WebReq-test";
			productName = "WebReq-test";
			productReference = C6509D991CCDF8400054FBE1 /* WebReq-test.app */;
			productType = "com.apple.product-type.application";
		};
/* End PBXNativeTarget section */

/* Begin PBXProject section */
		C6509D911CCDF83F0054FBE1 /* Project object */ = {
			isa = PBXProject;
			attributes = {
				LastSwiftUpdateCheck = 0730;
				LastUpgradeCheck = 0730;
				ORGANIZATIONNAME = NetoCo;
				TargetAttributes = {
					C6509D981CCDF8400054FBE1 = {
						CreatedOnToolsVersion = 7.3;
						DevelopmentTeam = 4E3DMLND7G;
					};
				};
			};
			buildConfigurationList = C6509D941CCDF83F0054FBE1 /* Build configuration list for PBXProject "WebReq-test" */;
			compatibilityVersion = "Xcode 3.2";
			developmentRegion = English;
			hasScannedForEncodings = 0;
			knownRegions = (
				en,
				Base,
			);
			mainGroup = C6509D901CCDF83F0054FBE1;
			productRefGroup = C6509D9A1CCDF8400054FBE1 /* Products */;
			projectDirPath = "";
			projectRoot = "";
			targets = (
				C6509D981CCDF8400054FBE1 /* WebReq-test */,
			);
		};
/* End PBXProject section */

/* Begin PBXResourcesBuildPhase section */
		C6509D971CCDF8400054FBE1 /* Resources */ = {
			isa = PBXResourcesBuildPhase;
			buildActionMask = 2147483647;
			files = (
				C6509DA71CCDF8400054FBE1 /* LaunchScreen.storyboard in Resources */,
				C6509DA41CCDF8400054FBE1 /* Assets.xcassets in Resources */,
				C6509DA21CCDF8400054FBE1 /* Main.storyboard in Resources */,
			);
			runOnlyForDeploymentPostprocessing = 0;
		};
/* End PBXResourcesBuildPhase section */

/* Begin PBXSourcesBuildPhase section */
		C6509D951CCDF8400054FBE1 /* Sources */ = {
			isa = PBXSourcesBuildPhase;
			buildActionMask = 2147483647;
			files = (
				C6509D9F1CCDF8400054FBE1 /* ViewController.swift in Sources */,
				C6509D9D1CCDF8400054FBE1 /* AppDelegate.swift in Sources */,
			);
			runOnlyForDeploymentPostprocessing = 0;
		};
/* End PBXSourcesBuildPhase section */

/* Begin PBXVariantGroup section */
		C6509DA01CCDF8400054FBE1 /* Main.storyboard */ = {
			isa = PBXVariantGroup;
			children = (
				C6509DA11CCDF8400054FBE1 /* Base */,
			);
			name = Main.storyboard;
			sourceTree = "<group>";
		};
		C6509DA51CCDF8400054FBE1 /* LaunchScreen.storyboard */ = {
			isa = PBXVariantGroup;
			children = (
				C6509DA61CCDF8400054FBE1 /* Base */,
			);
			name = LaunchScreen.storyboard;
			sourceTree = "<group>";
		};
/* End PBXVariantGroup section */

/* Begin XCBuildConfiguration section */
		C6509DA91CCDF8400054FBE1 /* Debug */ = {
			isa = XCBuildConfiguration;
			buildSettings = {
				ALWAYS_SEARCH_USER_PATHS = NO;
				CLANG_ANALYZER_NONNULL = YES;
				CLANG_CXX_LANGUAGE_STANDARD = "gnu++0x";
				CLANG_CXX_LIBRARY = "libc++";
				CLANG_ENABLE_MODULES = YES;
				CLANG_ENABLE_OBJC_ARC = YES;
				CLANG_WARN_BOOL_CONVERSION = YES;
				CLANG_WARN_CONSTANT_CONVERSION = YES;
				CLANG_WARN_DIRECT_OBJC_ISA_USAGE = YES_ERROR;
				CLANG_WARN_EMPTY_BODY = YES;
				CLANG_WARN_ENUM_CONVERSION = YES;
				CLANG_WARN_INT_CONVERSION = YES;
				CLANG_WARN_OBJC_ROOT_CLASS = YES_ERROR;
				CLANG_WARN_UNREACHABLE_CODE = YES;
				CLANG_WARN__DUPLICATE_METHOD_MATCH = YES;
				"CODE_SIGN_IDENTITY[sdk=iphoneos*]" = "iPhone Developer";
				COPY_PHASE_STRIP = NO;
				DEBUG_INFORMATION_FORMAT = dwarf;
				ENABLE_STRICT_OBJC_MSGSEND = YES;
				ENABLE_TESTABILITY = YES;
				GCC_C_LANGUAGE_STANDARD = gnu99;
				GCC_DYNAMIC_NO_PIC = NO;
				GCC_NO_COMMON_BLOCKS = YES;
				GCC_OPTIMIZATION_LEVEL = 0;
				GCC_PREPROCESSOR_DEFINITIONS = (
					"DEBUG=1",
					"$(inherited)",
				);
				GCC_WARN_64_TO_32_BIT_CONVERSION = YES;
				GCC_WARN_ABOUT_RETURN_TYPE = YES_ERROR;
				GCC_WARN_UNDECLARED_SELECTOR = YES;
				GCC_WARN_UNINITIALIZED_AUTOS = YES_AGGRESSIVE;
				GCC_WARN_UNUSED_FUNCTION = YES;
				GCC_WARN_UNUSED_VARIABLE = YES;
				IPHONEOS_DEPLOYMENT_TARGET = 9.3;
				MTL_ENABLE_DEBUG_INFO = YES;
				ONLY_ACTIVE_ARCH = YES;
				SDKROOT = iphoneos;
				SWIFT_OPTIMIZATION_LEVEL = "-Onone";
				TARGETED_DEVICE_FAMILY = "1,2";
			};
			name = Debug;
		};
		C6509DAA1CCDF8400054FBE1 /* Release */ = {
			isa = XCBuildConfiguration;
			buildSettings = {
				ALWAYS_SEARCH_USER_PATHS = NO;
				CLANG_ANALYZER_NONNULL = YES;
				CLANG_CXX_LANGUAGE_STANDARD = "gnu++0x";
				CLANG_CXX_LIBRARY = "libc++";
				CLANG_ENABLE_MODULES = YES;
				CLANG_ENABLE_OBJC_ARC = YES;
				CLANG_WARN_BOOL_CONVERSION = YES;
				CLANG_WARN_CONSTANT_CONVERSION = YES;
				CLANG_WARN_DIRECT_OBJC_ISA_USAGE = YES_ERROR;
				CLANG_WARN_EMPTY_BODY = YES;
				CLANG_WARN_ENUM_CONVERSION = YES;
				CLANG_WARN_INT_CONVERSION = YES;
				CLANG_WARN_OBJC_ROOT_CLASS = YES_ERROR;
				CLANG_WARN_UNREACHABLE_CODE = YES;
				CLANG_WARN__DUPLICATE_METHOD_MATCH = YES;
				"CODE_SIGN_IDENTITY[sdk=iphoneos*]" = "iPhone Developer";
				COPY_PHASE_STRIP = NO;
				DEBUG_INFORMATION_FORMAT = "dwarf-with-dsym";
				ENABLE_NS_ASSERTIONS = NO;
				ENABLE_STRICT_OBJC_MSGSEND = YES;
				GCC_C_LANGUAGE_STANDARD = gnu99;
				GCC_NO_COMMON_BLOCKS = YES;
				GCC_WARN_64_TO_32_BIT_CONVERSION = YES;
				GCC_WARN_ABOUT_RETURN_TYPE = YES_ERROR;
				GCC_WARN_UNDECLARED_SELECTOR = YES;
				GCC_WARN_UNINITIALIZED_AUTOS = YES_AGGRESSIVE;
				GCC_WARN_UNUSED_FUNCTION = YES;
				GCC_WARN_UNUSED_VARIABLE = YES;
				IPHONEOS_DEPLOYMENT_TARGET = 9.3;
				MTL_ENABLE_DEBUG_INFO = NO;
				SDKROOT = iphoneos;
				TARGETED_DEVICE_FAMILY = "1,2";
				VALIDATE_PRODUCT = YES;
			};
			name = Release;
		};
		C6509DAC1CCDF8400054FBE1 /* Debug */ = {
			isa = XCBuildConfiguration;
			buildSettings = {
				ASSETCATALOG_COMPILER_APPICON_NAME = AppIcon;
				INFOPLIST_FILE = "WebReq-test/Info.plist";
				LD_RUNPATH_SEARCH_PATHS = "$(inherited) @executable_path/Frameworks";
				PRODUCT_BUNDLE_IDENTIFIER = "com.currencymood.WebReq-test";
				PRODUCT_NAME = "$(TARGET_NAME)";
			};
			name = Debug;
		};
		C6509DAD1CCDF8400054FBE1 /* Release */ = {
			isa = XCBuildConfiguration;
			buildSettings = {
				ASSETCATALOG_COMPILER_APPICON_NAME = AppIcon;
				INFOPLIST_FILE = "WebReq-test/Info.plist";
				LD_RUNPATH_SEARCH_PATHS = "$(inherited) @executable_path/Frameworks";
				PRODUCT_BUNDLE_IDENTIFIER = "com.currencymood.WebReq-test";
				PRODUCT_NAME = "$(TARGET_NAME)";
			};
			name = Release;
		};
/* End XCBuildConfiguration section */

/* Begin XCConfigurationList section */
		C6509D941CCDF83F0054FBE1 /* Build configuration list for PBXProject "WebReq-test" */ = {
			isa = XCConfigurationList;
			buildConfigurations = (
				C6509DA91CCDF8400054FBE1 /* Debug */,
				C6509DAA1CCDF8400054FBE1 /* Release */,
			);
			defaultConfigurationIsVisible = 0;
			defaultConfigurationName = Release;
		};
		C6509DAB1CCDF8400054FBE1 /* Build configuration list for PBXNativeTarget "WebReq-test" */ = {
			isa = XCConfigurationList;
			buildConfigurations = (
				C6509DAC1CCDF8400054FBE1 /* Debug */,
				C6509DAD1CCDF8400054FBE1 /* Release */,
			);
			defaultConfigurationIsVisible = 0;
		};
/* End XCConfigurationList section */
	};
	rootObject = C6509D911CCDF83F0054FBE1 /* Project object */;
}
