// !$*UTF8*$!
{
	archiveVersion = 1;
	classes = {
	};
	objectVersion = 46;
	objects = {

/* Begin PBXBuildFile section */
		C6141BCB1CC3241900693040 /* AppDelegate.swift in Sources */ = {isa = PBXBuildFile; fileRef = C6141BCA1CC3241900693040 /* AppDelegate.swift */; };
		C6141BCD1CC3241900693040 /* FirstViewController.swift in Sources */ = {isa = PBXBuildFile; fileRef = C6141BCC1CC3241900693040 /* FirstViewController.swift */; };
		C6141BCF1CC3241900693040 /* SecondViewController.swift in Sources */ = {isa = PBXBuildFile; fileRef = C6141BCE1CC3241900693040 /* SecondViewController.swift */; };
		C6141BD21CC3241900693040 /* Main.storyboard in Resources */ = {isa = PBXBuildFile; fileRef = C6141BD01CC3241900693040 /* Main.storyboard */; };
		C6141BD41CC3241900693040 /* Assets.xcassets in Resources */ = {isa = PBXBuildFile; fileRef = C6141BD31CC3241900693040 /* Assets.xcassets */; };
		C6141BD71CC3241900693040 /* LaunchScreen.storyboard in Resources */ = {isa = PBXBuildFile; fileRef = C6141BD51CC3241900693040 /* LaunchScreen.storyboard */; };
/* End PBXBuildFile section */

/* Begin PBXFileReference section */
		C6141BC71CC3241900693040 /* tab-test.app */ = {isa = PBXFileReference; explicitFileType = wrapper.application; includeInIndex = 0; path = "tab-test.app"; sourceTree = BUILT_PRODUCTS_DIR; };
		C6141BCA1CC3241900693040 /* AppDelegate.swift */ = {isa = PBXFileReference; lastKnownFileType = sourcecode.swift; path = AppDelegate.swift; sourceTree = "<group>"; };
		C6141BCC1CC3241900693040 /* FirstViewController.swift */ = {isa = PBXFileReference; lastKnownFileType = sourcecode.swift; path = FirstViewController.swift; sourceTree = "<group>"; };
		C6141BCE1CC3241900693040 /* SecondViewController.swift */ = {isa = PBXFileReference; lastKnownFileType = sourcecode.swift; path = SecondViewController.swift; sourceTree = "<group>"; };
		C6141BD11CC3241900693040 /* Base */ = {isa = PBXFileReference; lastKnownFileType = file.storyboard; name = Base; path = Base.lproj/Main.storyboard; sourceTree = "<group>"; };
		C6141BD31CC3241900693040 /* Assets.xcassets */ = {isa = PBXFileReference; lastKnownFileType = folder.assetcatalog; path = Assets.xcassets; sourceTree = "<group>"; };
		C6141BD61CC3241900693040 /* Base */ = {isa = PBXFileReference; lastKnownFileType = file.storyboard; name = Base; path = Base.lproj/LaunchScreen.storyboard; sourceTree = "<group>"; };
		C6141BD81CC3241900693040 /* Info.plist */ = {isa = PBXFileReference; lastKnownFileType = text.plist.xml; path = Info.plist; sourceTree = "<group>"; };
/* End PBXFileReference section */

/* Begin PBXFrameworksBuildPhase section */
		C6141BC41CC3241900693040 /* Frameworks */ = {
			isa = PBXFrameworksBuildPhase;
			buildActionMask = 2147483647;
			files = (
			);
			runOnlyForDeploymentPostprocessing = 0;
		};
/* End PBXFrameworksBuildPhase section */

/* Begin PBXGroup section */
		C6141BBE1CC3241900693040 = {
			isa = PBXGroup;
			children = (
				C6141BC91CC3241900693040 /* tab-test */,
				C6141BC81CC3241900693040 /* Products */,
			);
			sourceTree = "<group>";
		};
		C6141BC81CC3241900693040 /* Products */ = {
			isa = PBXGroup;
			children = (
				C6141BC71CC3241900693040 /* tab-test.app */,
			);
			name = Products;
			sourceTree = "<group>";
		};
		C6141BC91CC3241900693040 /* tab-test */ = {
			isa = PBXGroup;
			children = (
				C6141BCA1CC3241900693040 /* AppDelegate.swift */,
				C6141BCC1CC3241900693040 /* FirstViewController.swift */,
				C6141BCE1CC3241900693040 /* SecondViewController.swift */,
				C6141BD01CC3241900693040 /* Main.storyboard */,
				C6141BD31CC3241900693040 /* Assets.xcassets */,
				C6141BD51CC3241900693040 /* LaunchScreen.storyboard */,
				C6141BD81CC3241900693040 /* Info.plist */,
			);
			path = "tab-test";
			sourceTree = "<group>";
		};
/* End PBXGroup section */

/* Begin PBXNativeTarget section */
		C6141BC61CC3241900693040 /* tab-test */ = {
			isa = PBXNativeTarget;
			buildConfigurationList = C6141BDB1CC3241900693040 /* Build configuration list for PBXNativeTarget "tab-test" */;
			buildPhases = (
				C6141BC31CC3241900693040 /* Sources */,
				C6141BC41CC3241900693040 /* Frameworks */,
				C6141BC51CC3241900693040 /* Resources */,
			);
			buildRules = (
			);
			dependencies = (
			);
			name = "tab-test";
			productName = "tab-test";
			productReference = C6141BC71CC3241900693040 /* tab-test.app */;
			productType = "com.apple.product-type.application";
		};
/* End PBXNativeTarget section */

/* Begin PBXProject section */
		C6141BBF1CC3241900693040 /* Project object */ = {
			isa = PBXProject;
			attributes = {
				LastSwiftUpdateCheck = 0730;
				LastUpgradeCheck = 0730;
				ORGANIZATIONNAME = NetoCo;
				TargetAttributes = {
					C6141BC61CC3241900693040 = {
						CreatedOnToolsVersion = 7.3;
						DevelopmentTeam = 4E3DMLND7G;
					};
				};
			};
			buildConfigurationList = C6141BC21CC3241900693040 /* Build configuration list for PBXProject "tab-test" */;
			compatibilityVersion = "Xcode 3.2";
			developmentRegion = English;
			hasScannedForEncodings = 0;
			knownRegions = (
				en,
				Base,
			);
			mainGroup = C6141BBE1CC3241900693040;
			productRefGroup = C6141BC81CC3241900693040 /* Products */;
			projectDirPath = "";
			projectRoot = "";
			targets = (
				C6141BC61CC3241900693040 /* tab-test */,
			);
		};
/* End PBXProject section */

/* Begin PBXResourcesBuildPhase section */
		C6141BC51CC3241900693040 /* Resources */ = {
			isa = PBXResourcesBuildPhase;
			buildActionMask = 2147483647;
			files = (
				C6141BD71CC3241900693040 /* LaunchScreen.storyboard in Resources */,
				C6141BD41CC3241900693040 /* Assets.xcassets in Resources */,
				C6141BD21CC3241900693040 /* Main.storyboard in Resources */,
			);
			runOnlyForDeploymentPostprocessing = 0;
		};
/* End PBXResourcesBuildPhase section */

/* Begin PBXSourcesBuildPhase section */
		C6141BC31CC3241900693040 /* Sources */ = {
			isa = PBXSourcesBuildPhase;
			buildActionMask = 2147483647;
			files = (
				C6141BCF1CC3241900693040 /* SecondViewController.swift in Sources */,
				C6141BCB1CC3241900693040 /* AppDelegate.swift in Sources */,
				C6141BCD1CC3241900693040 /* FirstViewController.swift in Sources */,
			);
			runOnlyForDeploymentPostprocessing = 0;
		};
/* End PBXSourcesBuildPhase section */

/* Begin PBXVariantGroup section */
		C6141BD01CC3241900693040 /* Main.storyboard */ = {
			isa = PBXVariantGroup;
			children = (
				C6141BD11CC3241900693040 /* Base */,
			);
			name = Main.storyboard;
			sourceTree = "<group>";
		};
		C6141BD51CC3241900693040 /* LaunchScreen.storyboard */ = {
			isa = PBXVariantGroup;
			children = (
				C6141BD61CC3241900693040 /* Base */,
			);
			name = LaunchScreen.storyboard;
			sourceTree = "<group>";
		};
/* End PBXVariantGroup section */

/* Begin XCBuildConfiguration section */
		C6141BD91CC3241900693040 /* Debug */ = {
			isa = XCBuildConfiguration;
			buildSettings = {
				ALWAYS_SEARCH_USER_PATHS = NO;
				CLANG_ANALYZER_NONNULL = YES;
				CLANG_CXX_LANGUAGE_STANDARD = "gnu++0x";
				CLANG_CXX_LIBRARY = "libc++";
				CLANG_ENABLE_MODULES = YES;
				CLANG_ENABLE_OBJC_ARC = YES;
				CLANG_WARN_BOOL_CONVERSION = YES;
				CLANG_WARN_CONSTANT_CONVERSION = YES;
				CLANG_WARN_DIRECT_OBJC_ISA_USAGE = YES_ERROR;
				CLANG_WARN_EMPTY_BODY = YES;
				CLANG_WARN_ENUM_CONVERSION = YES;
				CLANG_WARN_INT_CONVERSION = YES;
				CLANG_WARN_OBJC_ROOT_CLASS = YES_ERROR;
				CLANG_WARN_UNREACHABLE_CODE = YES;
				CLANG_WARN__DUPLICATE_METHOD_MATCH = YES;
				"CODE_SIGN_IDENTITY[sdk=iphoneos*]" = "iPhone Developer";
				COPY_PHASE_STRIP = NO;
				DEBUG_INFORMATION_FORMAT = dwarf;
				ENABLE_STRICT_OBJC_MSGSEND = YES;
				ENABLE_TESTABILITY = YES;
				GCC_C_LANGUAGE_STANDARD = gnu99;
				GCC_DYNAMIC_NO_PIC = NO;
				GCC_NO_COMMON_BLOCKS = YES;
				GCC_OPTIMIZATION_LEVEL = 0;
				GCC_PREPROCESSOR_DEFINITIONS = (
					"DEBUG=1",
					"$(inherited)",
				);
				GCC_WARN_64_TO_32_BIT_CONVERSION = YES;
				GCC_WARN_ABOUT_RETURN_TYPE = YES_ERROR;
				GCC_WARN_UNDECLARED_SELECTOR = YES;
				GCC_WARN_UNINITIALIZED_AUTOS = YES_AGGRESSIVE;
				GCC_WARN_UNUSED_FUNCTION = YES;
				GCC_WARN_UNUSED_VARIABLE = YES;
				IPHONEOS_DEPLOYMENT_TARGET = 9.3;
				MTL_ENABLE_DEBUG_INFO = YES;
				ONLY_ACTIVE_ARCH = YES;
				SDKROOT = iphoneos;
				SWIFT_OPTIMIZATION_LEVEL = "-Onone";
				TARGETED_DEVICE_FAMILY = "1,2";
			};
			name = Debug;
		};
		C6141BDA1CC3241900693040 /* Release */ = {
			isa = XCBuildConfiguration;
			buildSettings = {
				ALWAYS_SEARCH_USER_PATHS = NO;
				CLANG_ANALYZER_NONNULL = YES;
				CLANG_CXX_LANGUAGE_STANDARD = "gnu++0x";
				CLANG_CXX_LIBRARY = "libc++";
				CLANG_ENABLE_MODULES = YES;
				CLANG_ENABLE_OBJC_ARC = YES;
				CLANG_WARN_BOOL_CONVERSION = YES;
				CLANG_WARN_CONSTANT_CONVERSION = YES;
				CLANG_WARN_DIRECT_OBJC_ISA_USAGE = YES_ERROR;
				CLANG_WARN_EMPTY_BODY = YES;
				CLANG_WARN_ENUM_CONVERSION = YES;
				CLANG_WARN_INT_CONVERSION = YES;
				CLANG_WARN_OBJC_ROOT_CLASS = YES_ERROR;
				CLANG_WARN_UNREACHABLE_CODE = YES;
				CLANG_WARN__DUPLICATE_METHOD_MATCH = YES;
				"CODE_SIGN_IDENTITY[sdk=iphoneos*]" = "iPhone Developer";
				COPY_PHASE_STRIP = NO;
				DEBUG_INFORMATION_FORMAT = "dwarf-with-dsym";
				ENABLE_NS_ASSERTIONS = NO;
				ENABLE_STRICT_OBJC_MSGSEND = YES;
				GCC_C_LANGUAGE_STANDARD = gnu99;
				GCC_NO_COMMON_BLOCKS = YES;
				GCC_WARN_64_TO_32_BIT_CONVERSION = YES;
				GCC_WARN_ABOUT_RETURN_TYPE = YES_ERROR;
				GCC_WARN_UNDECLARED_SELECTOR = YES;
				GCC_WARN_UNINITIALIZED_AUTOS = YES_AGGRESSIVE;
				GCC_WARN_UNUSED_FUNCTION = YES;
				GCC_WARN_UNUSED_VARIABLE = YES;
				IPHONEOS_DEPLOYMENT_TARGET = 9.3;
				MTL_ENABLE_DEBUG_INFO = NO;
				SDKROOT = iphoneos;
				TARGETED_DEVICE_FAMILY = "1,2";
				VALIDATE_PRODUCT = YES;
			};
			name = Release;
		};
		C6141BDC1CC3241900693040 /* Debug */ = {
			isa = XCBuildConfiguration;
			buildSettings = {
				ASSETCATALOG_COMPILER_APPICON_NAME = AppIcon;
				INFOPLIST_FILE = "tab-test/Info.plist";
				LD_RUNPATH_SEARCH_PATHS = "$(inherited) @executable_path/Frameworks";
				PRODUCT_BUNDLE_IDENTIFIER = "com.currencymood.tab-test";
				PRODUCT_NAME = "$(TARGET_NAME)";
			};
			name = Debug;
		};
		C6141BDD1CC3241900693040 /* Release */ = {
			isa = XCBuildConfiguration;
			buildSettings = {
				ASSETCATALOG_COMPILER_APPICON_NAME = AppIcon;
				INFOPLIST_FILE = "tab-test/Info.plist";
				LD_RUNPATH_SEARCH_PATHS = "$(inherited) @executable_path/Frameworks";
				PRODUCT_BUNDLE_IDENTIFIER = "com.currencymood.tab-test";
				PRODUCT_NAME = "$(TARGET_NAME)";
			};
			name = Release;
		};
/* End XCBuildConfiguration section */

/* Begin XCConfigurationList section */
		C6141BC21CC3241900693040 /* Build configuration list for PBXProject "tab-test" */ = {
			isa = XCConfigurationList;
			buildConfigurations = (
				C6141BD91CC3241900693040 /* Debug */,
				C6141BDA1CC3241900693040 /* Release */,
			);
			defaultConfigurationIsVisible = 0;
			defaultConfigurationName = Release;
		};
		C6141BDB1CC3241900693040 /* Build configuration list for PBXNativeTarget "tab-test" */ = {
			isa = XCConfigurationList;
			buildConfigurations = (
				C6141BDC1CC3241900693040 /* Debug */,
				C6141BDD1CC3241900693040 /* Release */,
			);
			defaultConfigurationIsVisible = 0;
		};
/* End XCConfigurationList section */
	};
	rootObject = C6141BBF1CC3241900693040 /* Project object */;
}
