// !$*UTF8*$!
{
	archiveVersion = 1;
	classes = {
	};
	objectVersion = 46;
	objects = {

/* Begin PBXBuildFile section */
		C63F0F931CDED46B00C86B16 /* AppDelegate.swift in Sources */ = {isa = PBXBuildFile; fileRef = C63F0F921CDED46B00C86B16 /* AppDelegate.swift */; };
		C63F0F951CDED46B00C86B16 /* ViewController.swift in Sources */ = {isa = PBXBuildFile; fileRef = C63F0F941CDED46B00C86B16 /* ViewController.swift */; };
		C63F0F981CDED46B00C86B16 /* Main.storyboard in Resources */ = {isa = PBXBuildFile; fileRef = C63F0F961CDED46B00C86B16 /* Main.storyboard */; };
		C63F0F9A1CDED46B00C86B16 /* Assets.xcassets in Resources */ = {isa = PBXBuildFile; fileRef = C63F0F991CDED46B00C86B16 /* Assets.xcassets */; };
		C63F0F9D1CDED46B00C86B16 /* LaunchScreen.storyboard in Resources */ = {isa = PBXBuildFile; fileRef = C63F0F9B1CDED46B00C86B16 /* LaunchScreen.storyboard */; };
/* End PBXBuildFile section */

/* Begin PBXFileReference section */
		C63F0F8F1CDED46B00C86B16 /* Fit-me-on.app */ = {isa = PBXFileReference; explicitFileType = wrapper.application; includeInIndex = 0; path = "Fit-me-on.app"; sourceTree = BUILT_PRODUCTS_DIR; };
		C63F0F921CDED46B00C86B16 /* AppDelegate.swift */ = {isa = PBXFileReference; lastKnownFileType = sourcecode.swift; path = AppDelegate.swift; sourceTree = "<group>"; };
		C63F0F941CDED46B00C86B16 /* ViewController.swift */ = {isa = PBXFileReference; lastKnownFileType = sourcecode.swift; path = ViewController.swift; sourceTree = "<group>"; };
		C63F0F971CDED46B00C86B16 /* Base */ = {isa = PBXFileReference; lastKnownFileType = file.storyboard; name = Base; path = Base.lproj/Main.storyboard; sourceTree = "<group>"; };
		C63F0F991CDED46B00C86B16 /* Assets.xcassets */ = {isa = PBXFileReference; lastKnownFileType = folder.assetcatalog; path = Assets.xcassets; sourceTree = "<group>"; };
		C63F0F9C1CDED46B00C86B16 /* Base */ = {isa = PBXFileReference; lastKnownFileType = file.storyboard; name = Base; path = Base.lproj/LaunchScreen.storyboard; sourceTree = "<group>"; };
		C63F0F9E1CDED46B00C86B16 /* Info.plist */ = {isa = PBXFileReference; lastKnownFileType = text.plist.xml; path = Info.plist; sourceTree = "<group>"; };
/* End PBXFileReference section */

/* Begin PBXFrameworksBuildPhase section */
		C63F0F8C1CDED46B00C86B16 /* Frameworks */ = {
			isa = PBXFrameworksBuildPhase;
			buildActionMask = 2147483647;
			files = (
			);
			runOnlyForDeploymentPostprocessing = 0;
		};
/* End PBXFrameworksBuildPhase section */

/* Begin PBXGroup section */
		C63F0F861CDED46B00C86B16 = {
			isa = PBXGroup;
			children = (
				C63F0F911CDED46B00C86B16 /* Fit-me-on */,
				C63F0F901CDED46B00C86B16 /* Products */,
			);
			sourceTree = "<group>";
		};
		C63F0F901CDED46B00C86B16 /* Products */ = {
			isa = PBXGroup;
			children = (
				C63F0F8F1CDED46B00C86B16 /* Fit-me-on.app */,
			);
			name = Products;
			sourceTree = "<group>";
		};
		C63F0F911CDED46B00C86B16 /* Fit-me-on */ = {
			isa = PBXGroup;
			children = (
				C63F0F921CDED46B00C86B16 /* AppDelegate.swift */,
				C63F0F941CDED46B00C86B16 /* ViewController.swift */,
				C63F0F961CDED46B00C86B16 /* Main.storyboard */,
				C63F0F991CDED46B00C86B16 /* Assets.xcassets */,
				C63F0F9B1CDED46B00C86B16 /* LaunchScreen.storyboard */,
				C63F0F9E1CDED46B00C86B16 /* Info.plist */,
			);
			path = "Fit-me-on";
			sourceTree = "<group>";
		};
/* End PBXGroup section */

/* Begin PBXNativeTarget section */
		C63F0F8E1CDED46B00C86B16 /* Fit-me-on */ = {
			isa = PBXNativeTarget;
			buildConfigurationList = C63F0FA11CDED46B00C86B16 /* Build configuration list for PBXNativeTarget "Fit-me-on" */;
			buildPhases = (
				C63F0F8B1CDED46B00C86B16 /* Sources */,
				C63F0F8C1CDED46B00C86B16 /* Frameworks */,
				C63F0F8D1CDED46B00C86B16 /* Resources */,
			);
			buildRules = (
			);
			dependencies = (
			);
			name = "Fit-me-on";
			productName = "Fit-me-on";
			productReference = C63F0F8F1CDED46B00C86B16 /* Fit-me-on.app */;
			productType = "com.apple.product-type.application";
		};
/* End PBXNativeTarget section */

/* Begin PBXProject section */
		C63F0F871CDED46B00C86B16 /* Project object */ = {
			isa = PBXProject;
			attributes = {
				LastSwiftUpdateCheck = 0730;
				LastUpgradeCheck = 0730;
				ORGANIZATIONNAME = NetoCo;
				TargetAttributes = {
					C63F0F8E1CDED46B00C86B16 = {
						CreatedOnToolsVersion = 7.3;
						DevelopmentTeam = 4E3DMLND7G;
					};
				};
			};
			buildConfigurationList = C63F0F8A1CDED46B00C86B16 /* Build configuration list for PBXProject "Fit-me-on" */;
			compatibilityVersion = "Xcode 3.2";
			developmentRegion = English;
			hasScannedForEncodings = 0;
			knownRegions = (
				en,
				Base,
			);
			mainGroup = C63F0F861CDED46B00C86B16;
			productRefGroup = C63F0F901CDED46B00C86B16 /* Products */;
			projectDirPath = "";
			projectRoot = "";
			targets = (
				C63F0F8E1CDED46B00C86B16 /* Fit-me-on */,
			);
		};
/* End PBXProject section */

/* Begin PBXResourcesBuildPhase section */
		C63F0F8D1CDED46B00C86B16 /* Resources */ = {
			isa = PBXResourcesBuildPhase;
			buildActionMask = 2147483647;
			files = (
				C63F0F9D1CDED46B00C86B16 /* LaunchScreen.storyboard in Resources */,
				C63F0F9A1CDED46B00C86B16 /* Assets.xcassets in Resources */,
				C63F0F981CDED46B00C86B16 /* Main.storyboard in Resources */,
			);
			runOnlyForDeploymentPostprocessing = 0;
		};
/* End PBXResourcesBuildPhase section */

/* Begin PBXSourcesBuildPhase section */
		C63F0F8B1CDED46B00C86B16 /* Sources */ = {
			isa = PBXSourcesBuildPhase;
			buildActionMask = 2147483647;
			files = (
				C63F0F951CDED46B00C86B16 /* ViewController.swift in Sources */,
				C63F0F931CDED46B00C86B16 /* AppDelegate.swift in Sources */,
			);
			runOnlyForDeploymentPostprocessing = 0;
		};
/* End PBXSourcesBuildPhase section */

/* Begin PBXVariantGroup section */
		C63F0F961CDED46B00C86B16 /* Main.storyboard */ = {
			isa = PBXVariantGroup;
			children = (
				C63F0F971CDED46B00C86B16 /* Base */,
			);
			name = Main.storyboard;
			sourceTree = "<group>";
		};
		C63F0F9B1CDED46B00C86B16 /* LaunchScreen.storyboard */ = {
			isa = PBXVariantGroup;
			children = (
				C63F0F9C1CDED46B00C86B16 /* Base */,
			);
			name = LaunchScreen.storyboard;
			sourceTree = "<group>";
		};
/* End PBXVariantGroup section */

/* Begin XCBuildConfiguration section */
		C63F0F9F1CDED46B00C86B16 /* Debug */ = {
			isa = XCBuildConfiguration;
			buildSettings = {
				ALWAYS_SEARCH_USER_PATHS = NO;
				CLANG_ANALYZER_NONNULL = YES;
				CLANG_CXX_LANGUAGE_STANDARD = "gnu++0x";
				CLANG_CXX_LIBRARY = "libc++";
				CLANG_ENABLE_MODULES = YES;
				CLANG_ENABLE_OBJC_ARC = YES;
				CLANG_WARN_BOOL_CONVERSION = YES;
				CLANG_WARN_CONSTANT_CONVERSION = YES;
				CLANG_WARN_DIRECT_OBJC_ISA_USAGE = YES_ERROR;
				CLANG_WARN_EMPTY_BODY = YES;
				CLANG_WARN_ENUM_CONVERSION = YES;
				CLANG_WARN_INT_CONVERSION = YES;
				CLANG_WARN_OBJC_ROOT_CLASS = YES_ERROR;
				CLANG_WARN_UNREACHABLE_CODE = YES;
				CLANG_WARN__DUPLICATE_METHOD_MATCH = YES;
				"CODE_SIGN_IDENTITY[sdk=iphoneos*]" = "iPhone Developer";
				COPY_PHASE_STRIP = NO;
				DEBUG_INFORMATION_FORMAT = dwarf;
				ENABLE_STRICT_OBJC_MSGSEND = YES;
				ENABLE_TESTABILITY = YES;
				GCC_C_LANGUAGE_STANDARD = gnu99;
				GCC_DYNAMIC_NO_PIC = NO;
				GCC_NO_COMMON_BLOCKS = YES;
				GCC_OPTIMIZATION_LEVEL = 0;
				GCC_PREPROCESSOR_DEFINITIONS = (
					"DEBUG=1",
					"$(inherited)",
				);
				GCC_WARN_64_TO_32_BIT_CONVERSION = YES;
				GCC_WARN_ABOUT_RETURN_TYPE = YES_ERROR;
				GCC_WARN_UNDECLARED_SELECTOR = YES;
				GCC_WARN_UNINITIALIZED_AUTOS = YES_AGGRESSIVE;
				GCC_WARN_UNUSED_FUNCTION = YES;
				GCC_WARN_UNUSED_VARIABLE = YES;
				IPHONEOS_DEPLOYMENT_TARGET = 9.3;
				MTL_ENABLE_DEBUG_INFO = YES;
				ONLY_ACTIVE_ARCH = YES;
				SDKROOT = iphoneos;
				SWIFT_OPTIMIZATION_LEVEL = "-Onone";
				TARGETED_DEVICE_FAMILY = "1,2";
			};
			name = Debug;
		};
		C63F0FA01CDED46B00C86B16 /* Release */ = {
			isa = XCBuildConfiguration;
			buildSettings = {
				ALWAYS_SEARCH_USER_PATHS = NO;
				CLANG_ANALYZER_NONNULL = YES;
				CLANG_CXX_LANGUAGE_STANDARD = "gnu++0x";
				CLANG_CXX_LIBRARY = "libc++";
				CLANG_ENABLE_MODULES = YES;
				CLANG_ENABLE_OBJC_ARC = YES;
				CLANG_WARN_BOOL_CONVERSION = YES;
				CLANG_WARN_CONSTANT_CONVERSION = YES;
				CLANG_WARN_DIRECT_OBJC_ISA_USAGE = YES_ERROR;
				CLANG_WARN_EMPTY_BODY = YES;
				CLANG_WARN_ENUM_CONVERSION = YES;
				CLANG_WARN_INT_CONVERSION = YES;
				CLANG_WARN_OBJC_ROOT_CLASS = YES_ERROR;
				CLANG_WARN_UNREACHABLE_CODE = YES;
				CLANG_WARN__DUPLICATE_METHOD_MATCH = YES;
				"CODE_SIGN_IDENTITY[sdk=iphoneos*]" = "iPhone Developer";
				COPY_PHASE_STRIP = NO;
				DEBUG_INFORMATION_FORMAT = "dwarf-with-dsym";
				ENABLE_NS_ASSERTIONS = NO;
				ENABLE_STRICT_OBJC_MSGSEND = YES;
				GCC_C_LANGUAGE_STANDARD = gnu99;
				GCC_NO_COMMON_BLOCKS = YES;
				GCC_WARN_64_TO_32_BIT_CONVERSION = YES;
				GCC_WARN_ABOUT_RETURN_TYPE = YES_ERROR;
				GCC_WARN_UNDECLARED_SELECTOR = YES;
				GCC_WARN_UNINITIALIZED_AUTOS = YES_AGGRESSIVE;
				GCC_WARN_UNUSED_FUNCTION = YES;
				GCC_WARN_UNUSED_VARIABLE = YES;
				IPHONEOS_DEPLOYMENT_TARGET = 9.3;
				MTL_ENABLE_DEBUG_INFO = NO;
				SDKROOT = iphoneos;
				TARGETED_DEVICE_FAMILY = "1,2";
				VALIDATE_PRODUCT = YES;
			};
			name = Release;
		};
		C63F0FA21CDED46B00C86B16 /* Debug */ = {
			isa = XCBuildConfiguration;
			buildSettings = {
				ASSETCATALOG_COMPILER_APPICON_NAME = AppIcon;
				INFOPLIST_FILE = "Fit-me-on/Info.plist";
				LD_RUNPATH_SEARCH_PATHS = "$(inherited) @executable_path/Frameworks";
				PRODUCT_BUNDLE_IDENTIFIER = "com.currencymood.Fit-me-on";
				PRODUCT_NAME = "$(TARGET_NAME)";
			};
			name = Debug;
		};
		C63F0FA31CDED46B00C86B16 /* Release */ = {
			isa = XCBuildConfiguration;
			buildSettings = {
				ASSETCATALOG_COMPILER_APPICON_NAME = AppIcon;
				INFOPLIST_FILE = "Fit-me-on/Info.plist";
				LD_RUNPATH_SEARCH_PATHS = "$(inherited) @executable_path/Frameworks";
				PRODUCT_BUNDLE_IDENTIFIER = "com.currencymood.Fit-me-on";
				PRODUCT_NAME = "$(TARGET_NAME)";
			};
			name = Release;
		};
/* End XCBuildConfiguration section */

/* Begin XCConfigurationList section */
		C63F0F8A1CDED46B00C86B16 /* Build configuration list for PBXProject "Fit-me-on" */ = {
			isa = XCConfigurationList;
			buildConfigurations = (
				C63F0F9F1CDED46B00C86B16 /* Debug */,
				C63F0FA01CDED46B00C86B16 /* Release */,
			);
			defaultConfigurationIsVisible = 0;
			defaultConfigurationName = Release;
		};
		C63F0FA11CDED46B00C86B16 /* Build configuration list for PBXNativeTarget "Fit-me-on" */ = {
			isa = XCConfigurationList;
			buildConfigurations = (
				C63F0FA21CDED46B00C86B16 /* Debug */,
				C63F0FA31CDED46B00C86B16 /* Release */,
			);
			defaultConfigurationIsVisible = 0;
		};
/* End XCConfigurationList section */
	};
	rootObject = C63F0F871CDED46B00C86B16 /* Project object */;
}
