// !$*UTF8*$!
{
	archiveVersion = 1;
	classes = {
	};
	objectVersion = 46;
	objects = {

/* Begin PBXBuildFile section */
		075C3E15D45CA397888D069B /* Pods_PesosDolares.framework in Frameworks */ = {isa = PBXBuildFile; fileRef = 18E4304B8C78A9AAB799DF1E /* Pods_PesosDolares.framework */; };
		C6115A351DD7B96500A5D1A1 /* DataServices.swift in Sources */ = {isa = PBXBuildFile; fileRef = C6115A341DD7B96500A5D1A1 /* DataServices.swift */; };
		C6115A371DD9ABD900A5D1A1 /* MaterialTableView.swift in Sources */ = {isa = PBXBuildFile; fileRef = C6115A361DD9ABD900A5D1A1 /* MaterialTableView.swift */; };
		C627E0801DE1062D00C4F341 /* GoogleService-Info.plist in Resources */ = {isa = PBXBuildFile; fileRef = C627E07F1DE1062D00C4F341 /* GoogleService-Info.plist */; };
		C62B56A11DE39D01000273A9 /* Post.swift in Sources */ = {isa = PBXBuildFile; fileRef = C62B56A01DE39D01000273A9 /* Post.swift */; };
		C69FD63B1D8E142D007EC2FC /* AppDelegate.swift in Sources */ = {isa = PBXBuildFile; fileRef = C69FD63A1D8E142D007EC2FC /* AppDelegate.swift */; };
		C69FD63D1D8E142D007EC2FC /* ViewController.swift in Sources */ = {isa = PBXBuildFile; fileRef = C69FD63C1D8E142D007EC2FC /* ViewController.swift */; };
		C69FD6401D8E142D007EC2FC /* Main.storyboard in Resources */ = {isa = PBXBuildFile; fileRef = C69FD63E1D8E142D007EC2FC /* Main.storyboard */; };
		C69FD6421D8E142D007EC2FC /* Assets.xcassets in Resources */ = {isa = PBXBuildFile; fileRef = C69FD6411D8E142D007EC2FC /* Assets.xcassets */; };
		C69FD6451D8E142D007EC2FC /* LaunchScreen.storyboard in Resources */ = {isa = PBXBuildFile; fileRef = C69FD6431D8E142D007EC2FC /* LaunchScreen.storyboard */; };
		C69FD64E1D8E1453007EC2FC /* MapKit.framework in Frameworks */ = {isa = PBXBuildFile; fileRef = C69FD64D1D8E1453007EC2FC /* MapKit.framework */; };
		C6B7657C1D8E7E6E004A8162 /* SignIn.swift in Sources */ = {isa = PBXBuildFile; fileRef = C6B7657B1D8E7E6E004A8162 /* SignIn.swift */; };
		C6B7657F1D8E8394004A8162 /* ButtonView.swift in Sources */ = {isa = PBXBuildFile; fileRef = C6B7657E1D8E8394004A8162 /* ButtonView.swift */; };
		C6B765821D8E8543004A8162 /* Constants.swift in Sources */ = {isa = PBXBuildFile; fileRef = C6B765811D8E8543004A8162 /* Constants.swift */; };
		C6D4BE861E974D4F00C9CCA5 /* FIRmapLoc.swift in Sources */ = {isa = PBXBuildFile; fileRef = C6D4BE851E974D4F00C9CCA5 /* FIRmapLoc.swift */; };
		C6D4BE881E9F12D400C9CCA5 /* MainVC.swift in Sources */ = {isa = PBXBuildFile; fileRef = C6D4BE871E9F12D400C9CCA5 /* MainVC.swift */; };
		C6D92FEE1E92134200E66AB6 /* GeoFire.m in Sources */ = {isa = PBXBuildFile; fileRef = C6D92FE51E92134200E66AB6 /* GeoFire.m */; };
		C6D92FEF1E92134200E66AB6 /* GFBase32Utils.m in Sources */ = {isa = PBXBuildFile; fileRef = C6D92FE71E92134200E66AB6 /* GFBase32Utils.m */; };
		C6D92FF01E92134200E66AB6 /* GFGeoHash.m in Sources */ = {isa = PBXBuildFile; fileRef = C6D92FE91E92134200E66AB6 /* GFGeoHash.m */; };
		C6D92FF11E92134200E66AB6 /* GFGeoHashQuery.m in Sources */ = {isa = PBXBuildFile; fileRef = C6D92FEB1E92134200E66AB6 /* GFGeoHashQuery.m */; };
		C6D92FF21E92134200E66AB6 /* GFQuery.m in Sources */ = {isa = PBXBuildFile; fileRef = C6D92FED1E92134200E66AB6 /* GFQuery.m */; };
		C6E524EC1D8F2AB800A9E98E /* NotoSans-Bold.ttf in Resources */ = {isa = PBXBuildFile; fileRef = C6E524E81D8F2AB800A9E98E /* NotoSans-Bold.ttf */; };
		C6E524ED1D8F2AB800A9E98E /* NotoSans-BoldItalic.ttf in Resources */ = {isa = PBXBuildFile; fileRef = C6E524E91D8F2AB800A9E98E /* NotoSans-BoldItalic.ttf */; };
		C6E524EE1D8F2AB800A9E98E /* NotoSans-Italic.ttf in Resources */ = {isa = PBXBuildFile; fileRef = C6E524EA1D8F2AB800A9E98E /* NotoSans-Italic.ttf */; };
		C6E524EF1D8F2AB800A9E98E /* NotoSans-Regular.ttf in Resources */ = {isa = PBXBuildFile; fileRef = C6E524EB1D8F2AB800A9E98E /* NotoSans-Regular.ttf */; };
/* End PBXBuildFile section */

/* Begin PBXFileReference section */
		03B0170A5EBA74B13F41F5CD /* Pods-PesosDolares.debug.xcconfig */ = {isa = PBXFileReference; includeInIndex = 1; lastKnownFileType = text.xcconfig; name = "Pods-PesosDolares.debug.xcconfig"; path = "Pods/Target Support Files/Pods-PesosDolares/Pods-PesosDolares.debug.xcconfig"; sourceTree = "<group>"; };
		18E4304B8C78A9AAB799DF1E /* Pods_PesosDolares.framework */ = {isa = PBXFileReference; explicitFileType = wrapper.framework; includeInIndex = 0; path = Pods_PesosDolares.framework; sourceTree = BUILT_PRODUCTS_DIR; };
		4330C7C0306738EA13079CE5 /* Pods-PesosDolares.release.xcconfig */ = {isa = PBXFileReference; includeInIndex = 1; lastKnownFileType = text.xcconfig; name = "Pods-PesosDolares.release.xcconfig"; path = "Pods/Target Support Files/Pods-PesosDolares/Pods-PesosDolares.release.xcconfig"; sourceTree = "<group>"; };
		C6115A341DD7B96500A5D1A1 /* DataServices.swift */ = {isa = PBXFileReference; fileEncoding = 4; lastKnownFileType = sourcecode.swift; path = DataServices.swift; sourceTree = "<group>"; };
		C6115A361DD9ABD900A5D1A1 /* MaterialTableView.swift */ = {isa = PBXFileReference; fileEncoding = 4; lastKnownFileType = sourcecode.swift; path = MaterialTableView.swift; sourceTree = "<group>"; };
		C627D3AE1DA1917100C4FD87 /* PesosDolares.entitlements */ = {isa = PBXFileReference; lastKnownFileType = text.plist.entitlements; path = PesosDolares.entitlements; sourceTree = "<group>"; };
		C627D3AF1DA1A84500C4FD87 /* PesosDolares-Bridging-Header.h */ = {isa = PBXFileReference; fileEncoding = 4; lastKnownFileType = sourcecode.c.h; path = "PesosDolares-Bridging-Header.h"; sourceTree = "<group>"; };
		C627E07F1DE1062D00C4F341 /* GoogleService-Info.plist */ = {isa = PBXFileReference; fileEncoding = 4; lastKnownFileType = text.plist.xml; path = "GoogleService-Info.plist"; sourceTree = "<group>"; };
		C62B56A01DE39D01000273A9 /* Post.swift */ = {isa = PBXFileReference; fileEncoding = 4; lastKnownFileType = sourcecode.swift; path = Post.swift; sourceTree = "<group>"; };
		C69FD6371D8E142D007EC2FC /* PesosDolares.app */ = {isa = PBXFileReference; explicitFileType = wrapper.application; includeInIndex = 0; path = PesosDolares.app; sourceTree = BUILT_PRODUCTS_DIR; };
		C69FD63A1D8E142D007EC2FC /* AppDelegate.swift */ = {isa = PBXFileReference; lastKnownFileType = sourcecode.swift; path = AppDelegate.swift; sourceTree = "<group>"; };
		C69FD63C1D8E142D007EC2FC /* ViewController.swift */ = {isa = PBXFileReference; lastKnownFileType = sourcecode.swift; path = ViewController.swift; sourceTree = "<group>"; };
		C69FD63F1D8E142D007EC2FC /* Base */ = {isa = PBXFileReference; lastKnownFileType = file.storyboard; name = Base; path = Base.lproj/Main.storyboard; sourceTree = "<group>"; };
		C69FD6411D8E142D007EC2FC /* Assets.xcassets */ = {isa = PBXFileReference; lastKnownFileType = folder.assetcatalog; path = Assets.xcassets; sourceTree = "<group>"; };
		C69FD6441D8E142D007EC2FC /* Base */ = {isa = PBXFileReference; lastKnownFileType = file.storyboard; name = Base; path = Base.lproj/LaunchScreen.storyboard; sourceTree = "<group>"; };
		C69FD6461D8E142D007EC2FC /* Info.plist */ = {isa = PBXFileReference; lastKnownFileType = text.plist.xml; path = Info.plist; sourceTree = "<group>"; };
		C69FD64D1D8E1453007EC2FC /* MapKit.framework */ = {isa = PBXFileReference; lastKnownFileType = wrapper.framework; name = MapKit.framework; path = System/Library/Frameworks/MapKit.framework; sourceTree = SDKROOT; };
		C6B7657B1D8E7E6E004A8162 /* SignIn.swift */ = {isa = PBXFileReference; fileEncoding = 4; lastKnownFileType = sourcecode.swift; path = SignIn.swift; sourceTree = "<group>"; };
		C6B7657E1D8E8394004A8162 /* ButtonView.swift */ = {isa = PBXFileReference; fileEncoding = 4; lastKnownFileType = sourcecode.swift; path = ButtonView.swift; sourceTree = "<group>"; };
		C6B765811D8E8543004A8162 /* Constants.swift */ = {isa = PBXFileReference; fileEncoding = 4; lastKnownFileType = sourcecode.swift; path = Constants.swift; sourceTree = "<group>"; };
		C6D4BE851E974D4F00C9CCA5 /* FIRmapLoc.swift */ = {isa = PBXFileReference; fileEncoding = 4; lastKnownFileType = sourcecode.swift; path = FIRmapLoc.swift; sourceTree = "<group>"; };
		C6D4BE871E9F12D400C9CCA5 /* MainVC.swift */ = {isa = PBXFileReference; fileEncoding = 4; lastKnownFileType = sourcecode.swift; path = MainVC.swift; sourceTree = "<group>"; };
		C6D92FDE1E92134200E66AB6 /* GeoFire.h */ = {isa = PBXFileReference; fileEncoding = 4; lastKnownFileType = sourcecode.c.h; path = GeoFire.h; sourceTree = "<group>"; };
		C6D92FDF1E92134200E66AB6 /* GFCircleQuery.h */ = {isa = PBXFileReference; fileEncoding = 4; lastKnownFileType = sourcecode.c.h; path = GFCircleQuery.h; sourceTree = "<group>"; };
		C6D92FE01E92134200E66AB6 /* GFQuery.h */ = {isa = PBXFileReference; fileEncoding = 4; lastKnownFileType = sourcecode.c.h; path = GFQuery.h; sourceTree = "<group>"; };
		C6D92FE11E92134200E66AB6 /* GFRegionQuery.h */ = {isa = PBXFileReference; fileEncoding = 4; lastKnownFileType = sourcecode.c.h; path = GFRegionQuery.h; sourceTree = "<group>"; };
		C6D92FE21E92134200E66AB6 /* GeoFire-Prefix.pch */ = {isa = PBXFileReference; fileEncoding = 4; lastKnownFileType = sourcecode.c.h; path = "GeoFire-Prefix.pch"; sourceTree = "<group>"; };
		C6D92FE41E92134200E66AB6 /* GeoFire+Private.h */ = {isa = PBXFileReference; fileEncoding = 4; lastKnownFileType = sourcecode.c.h; path = "GeoFire+Private.h"; sourceTree = "<group>"; };
		C6D92FE51E92134200E66AB6 /* GeoFire.m */ = {isa = PBXFileReference; fileEncoding = 4; lastKnownFileType = sourcecode.c.objc; path = GeoFire.m; sourceTree = "<group>"; };
		C6D92FE61E92134200E66AB6 /* GFBase32Utils.h */ = {isa = PBXFileReference; fileEncoding = 4; lastKnownFileType = sourcecode.c.h; path = GFBase32Utils.h; sourceTree = "<group>"; };
		C6D92FE71E92134200E66AB6 /* GFBase32Utils.m */ = {isa = PBXFileReference; fileEncoding = 4; lastKnownFileType = sourcecode.c.objc; path = GFBase32Utils.m; sourceTree = "<group>"; };
		C6D92FE81E92134200E66AB6 /* GFGeoHash.h */ = {isa = PBXFileReference; fileEncoding = 4; lastKnownFileType = sourcecode.c.h; path = GFGeoHash.h; sourceTree = "<group>"; };
		C6D92FE91E92134200E66AB6 /* GFGeoHash.m */ = {isa = PBXFileReference; fileEncoding = 4; lastKnownFileType = sourcecode.c.objc; path = GFGeoHash.m; sourceTree = "<group>"; };
		C6D92FEA1E92134200E66AB6 /* GFGeoHashQuery.h */ = {isa = PBXFileReference; fileEncoding = 4; lastKnownFileType = sourcecode.c.h; path = GFGeoHashQuery.h; sourceTree = "<group>"; };
		C6D92FEB1E92134200E66AB6 /* GFGeoHashQuery.m */ = {isa = PBXFileReference; fileEncoding = 4; lastKnownFileType = sourcecode.c.objc; path = GFGeoHashQuery.m; sourceTree = "<group>"; };
		C6D92FEC1E92134200E66AB6 /* GFQuery+Private.h */ = {isa = PBXFileReference; fileEncoding = 4; lastKnownFileType = sourcecode.c.h; path = "GFQuery+Private.h"; sourceTree = "<group>"; };
		C6D92FED1E92134200E66AB6 /* GFQuery.m */ = {isa = PBXFileReference; fileEncoding = 4; lastKnownFileType = sourcecode.c.objc; path = GFQuery.m; sourceTree = "<group>"; };
		C6E524E81D8F2AB800A9E98E /* NotoSans-Bold.ttf */ = {isa = PBXFileReference; lastKnownFileType = file; path = "NotoSans-Bold.ttf"; sourceTree = "<group>"; };
		C6E524E91D8F2AB800A9E98E /* NotoSans-BoldItalic.ttf */ = {isa = PBXFileReference; lastKnownFileType = file; path = "NotoSans-BoldItalic.ttf"; sourceTree = "<group>"; };
		C6E524EA1D8F2AB800A9E98E /* NotoSans-Italic.ttf */ = {isa = PBXFileReference; lastKnownFileType = file; path = "NotoSans-Italic.ttf"; sourceTree = "<group>"; };
		C6E524EB1D8F2AB800A9E98E /* NotoSans-Regular.ttf */ = {isa = PBXFileReference; lastKnownFileType = file; path = "NotoSans-Regular.ttf"; sourceTree = "<group>"; };
/* End PBXFileReference section */

/* Begin PBXFrameworksBuildPhase section */
		C69FD6341D8E142D007EC2FC /* Frameworks */ = {
			isa = PBXFrameworksBuildPhase;
			buildActionMask = 2147483647;
			files = (
				C69FD64E1D8E1453007EC2FC /* MapKit.framework in Frameworks */,
				075C3E15D45CA397888D069B /* Pods_PesosDolares.framework in Frameworks */,
			);
			runOnlyForDeploymentPostprocessing = 0;
		};
/* End PBXFrameworksBuildPhase section */

/* Begin PBXGroup section */
		0BDB0AD0C90195BE4CA99B0F /* Pods */ = {
			isa = PBXGroup;
			children = (
				03B0170A5EBA74B13F41F5CD /* Pods-PesosDolares.debug.xcconfig */,
				4330C7C0306738EA13079CE5 /* Pods-PesosDolares.release.xcconfig */,
			);
			name = Pods;
			sourceTree = "<group>";
		};
		C6115A331DD7B95200A5D1A1 /* Services */ = {
			isa = PBXGroup;
			children = (
				C6115A341DD7B96500A5D1A1 /* DataServices.swift */,
			);
			name = Services;
			path = ..;
			sourceTree = "<group>";
		};
		C69FD62E1D8E142D007EC2FC = {
			isa = PBXGroup;
			children = (
				C627D3AF1DA1A84500C4FD87 /* PesosDolares-Bridging-Header.h */,
				C69FD6391D8E142D007EC2FC /* PesosDolares */,
				C69FD6381D8E142D007EC2FC /* Products */,
				C69FD64C1D8E1453007EC2FC /* Frameworks */,
				0BDB0AD0C90195BE4CA99B0F /* Pods */,
			);
			sourceTree = "<group>";
		};
		C69FD6381D8E142D007EC2FC /* Products */ = {
			isa = PBXGroup;
			children = (
				C69FD6371D8E142D007EC2FC /* PesosDolares.app */,
			);
			name = Products;
			sourceTree = "<group>";
		};
		C69FD6391D8E142D007EC2FC /* PesosDolares */ = {
			isa = PBXGroup;
			children = (
				C6D92FDC1E92134200E66AB6 /* GeoFire */,
				C6115A331DD7B95200A5D1A1 /* Services */,
				C627D3AE1DA1917100C4FD87 /* PesosDolares.entitlements */,
				C6E524E71D8F2AA300A9E98E /* Resources */,
				C6B765801D8E8531004A8162 /* Util */,
				C6B765781D8E7DDE004A8162 /* Model */,
				C6B7657A1D8E7DF9004A8162 /* Controller */,
				C6B765791D8E7DE5004A8162 /* View */,
				C69FD63A1D8E142D007EC2FC /* AppDelegate.swift */,
				C69FD63E1D8E142D007EC2FC /* Main.storyboard */,
				C627E07F1DE1062D00C4F341 /* GoogleService-Info.plist */,
				C69FD6411D8E142D007EC2FC /* Assets.xcassets */,
				C69FD6431D8E142D007EC2FC /* LaunchScreen.storyboard */,
				C69FD6461D8E142D007EC2FC /* Info.plist */,
			);
			path = PesosDolares;
			sourceTree = "<group>";
		};
		C69FD64C1D8E1453007EC2FC /* Frameworks */ = {
			isa = PBXGroup;
			children = (
				C69FD64D1D8E1453007EC2FC /* MapKit.framework */,
				18E4304B8C78A9AAB799DF1E /* Pods_PesosDolares.framework */,
			);
			name = Frameworks;
			sourceTree = "<group>";
		};
		C6B765781D8E7DDE004A8162 /* Model */ = {
			isa = PBXGroup;
			children = (
				C62B56A01DE39D01000273A9 /* Post.swift */,
				C6D4BE851E974D4F00C9CCA5 /* FIRmapLoc.swift */,
			);
			name = Model;
			sourceTree = "<group>";
		};
		C6B765791D8E7DE5004A8162 /* View */ = {
			isa = PBXGroup;
			children = (
				C6B7657E1D8E8394004A8162 /* ButtonView.swift */,
				C6115A361DD9ABD900A5D1A1 /* MaterialTableView.swift */,
			);
			name = View;
			sourceTree = "<group>";
		};
		C6B7657A1D8E7DF9004A8162 /* Controller */ = {
			isa = PBXGroup;
			children = (
				C69FD63C1D8E142D007EC2FC /* ViewController.swift */,
				C6B7657B1D8E7E6E004A8162 /* SignIn.swift */,
				C6D4BE871E9F12D400C9CCA5 /* MainVC.swift */,
			);
			name = Controller;
			sourceTree = "<group>";
		};
		C6B765801D8E8531004A8162 /* Util */ = {
			isa = PBXGroup;
			children = (
				C6B765811D8E8543004A8162 /* Constants.swift */,
			);
			name = Util;
			sourceTree = "<group>";
		};
		C6D92FDC1E92134200E66AB6 /* GeoFire */ = {
			isa = PBXGroup;
			children = (
				C6D92FDD1E92134200E66AB6 /* API */,
				C6D92FE21E92134200E66AB6 /* GeoFire-Prefix.pch */,
				C6D92FE31E92134200E66AB6 /* Implementation */,
			);
			path = GeoFire;
			sourceTree = "<group>";
		};
		C6D92FDD1E92134200E66AB6 /* API */ = {
			isa = PBXGroup;
			children = (
				C6D92FDE1E92134200E66AB6 /* GeoFire.h */,
				C6D92FDF1E92134200E66AB6 /* GFCircleQuery.h */,
				C6D92FE01E92134200E66AB6 /* GFQuery.h */,
				C6D92FE11E92134200E66AB6 /* GFRegionQuery.h */,
			);
			path = API;
			sourceTree = "<group>";
		};
		C6D92FE31E92134200E66AB6 /* Implementation */ = {
			isa = PBXGroup;
			children = (
				C6D92FE41E92134200E66AB6 /* GeoFire+Private.h */,
				C6D92FE51E92134200E66AB6 /* GeoFire.m */,
				C6D92FE61E92134200E66AB6 /* GFBase32Utils.h */,
				C6D92FE71E92134200E66AB6 /* GFBase32Utils.m */,
				C6D92FE81E92134200E66AB6 /* GFGeoHash.h */,
				C6D92FE91E92134200E66AB6 /* GFGeoHash.m */,
				C6D92FEA1E92134200E66AB6 /* GFGeoHashQuery.h */,
				C6D92FEB1E92134200E66AB6 /* GFGeoHashQuery.m */,
				C6D92FEC1E92134200E66AB6 /* GFQuery+Private.h */,
				C6D92FED1E92134200E66AB6 /* GFQuery.m */,
			);
			path = Implementation;
			sourceTree = "<group>";
		};
		C6E524E71D8F2AA300A9E98E /* Resources */ = {
			isa = PBXGroup;
			children = (
				C6E524E81D8F2AB800A9E98E /* NotoSans-Bold.ttf */,
				C6E524E91D8F2AB800A9E98E /* NotoSans-BoldItalic.ttf */,
				C6E524EA1D8F2AB800A9E98E /* NotoSans-Italic.ttf */,
				C6E524EB1D8F2AB800A9E98E /* NotoSans-Regular.ttf */,
			);
			name = Resources;
			sourceTree = "<group>";
		};
/* End PBXGroup section */

/* Begin PBXNativeTarget section */
		C69FD6361D8E142D007EC2FC /* PesosDolares */ = {
			isa = PBXNativeTarget;
			buildConfigurationList = C69FD6491D8E142D007EC2FC /* Build configuration list for PBXNativeTarget "PesosDolares" */;
			buildPhases = (
				4D63C853FAF30300B4FB927F /* 📦 Check Pods Manifest.lock */,
				C69FD6331D8E142D007EC2FC /* Sources */,
				C69FD6341D8E142D007EC2FC /* Frameworks */,
				C69FD6351D8E142D007EC2FC /* Resources */,
				12D57F462ABF6BFF4E3555AA /* 📦 Embed Pods Frameworks */,
				E2AA768BDA9518C837289DB7 /* 📦 Copy Pods Resources */,
			);
			buildRules = (
			);
			dependencies = (
			);
			name = PesosDolares;
			productName = PesosDolares;
			productReference = C69FD6371D8E142D007EC2FC /* PesosDolares.app */;
			productType = "com.apple.product-type.application";
		};
/* End PBXNativeTarget section */

/* Begin PBXProject section */
		C69FD62F1D8E142D007EC2FC /* Project object */ = {
			isa = PBXProject;
			attributes = {
				LastSwiftUpdateCheck = 0800;
				LastUpgradeCheck = 0800;
				ORGANIZATIONNAME = "Neto's Co";
				TargetAttributes = {
					C69FD6361D8E142D007EC2FC = {
						CreatedOnToolsVersion = 8.0;
						DevelopmentTeam = 4E3DMLND7G;
						LastSwiftMigration = 0830;
						ProvisioningStyle = Automatic;
						SystemCapabilities = {
							com.apple.Keychain = {
								enabled = 1;
							};
							com.apple.Maps.iOS = {
								enabled = 1;
							};
						};
					};
				};
			};
			buildConfigurationList = C69FD6321D8E142D007EC2FC /* Build configuration list for PBXProject "PesosDolares" */;
			compatibilityVersion = "Xcode 3.2";
			developmentRegion = English;
			hasScannedForEncodings = 0;
			knownRegions = (
				en,
				Base,
			);
			mainGroup = C69FD62E1D8E142D007EC2FC;
			productRefGroup = C69FD6381D8E142D007EC2FC /* Products */;
			projectDirPath = "";
			projectRoot = "";
			targets = (
				C69FD6361D8E142D007EC2FC /* PesosDolares */,
			);
		};
/* End PBXProject section */

/* Begin PBXResourcesBuildPhase section */
		C69FD6351D8E142D007EC2FC /* Resources */ = {
			isa = PBXResourcesBuildPhase;
			buildActionMask = 2147483647;
			files = (
				C6E524ED1D8F2AB800A9E98E /* NotoSans-BoldItalic.ttf in Resources */,
				C627E0801DE1062D00C4F341 /* GoogleService-Info.plist in Resources */,
				C69FD6451D8E142D007EC2FC /* LaunchScreen.storyboard in Resources */,
				C69FD6421D8E142D007EC2FC /* Assets.xcassets in Resources */,
				C6E524EF1D8F2AB800A9E98E /* NotoSans-Regular.ttf in Resources */,
				C6E524EE1D8F2AB800A9E98E /* NotoSans-Italic.ttf in Resources */,
				C6E524EC1D8F2AB800A9E98E /* NotoSans-Bold.ttf in Resources */,
				C69FD6401D8E142D007EC2FC /* Main.storyboard in Resources */,
			);
			runOnlyForDeploymentPostprocessing = 0;
		};
/* End PBXResourcesBuildPhase section */

/* Begin PBXShellScriptBuildPhase section */
		12D57F462ABF6BFF4E3555AA /* 📦 Embed Pods Frameworks */ = {
			isa = PBXShellScriptBuildPhase;
			buildActionMask = 2147483647;
			files = (
			);
			inputPaths = (
			);
			name = "📦 Embed Pods Frameworks";
			outputPaths = (
			);
			runOnlyForDeploymentPostprocessing = 0;
			shellPath = /bin/sh;
			shellScript = "\"${SRCROOT}/../../NETO/PesosDolares/Pods/Target Support Files/Pods-PesosDolares/Pods-PesosDolares-frameworks.sh\"\n";
			showEnvVarsInLog = 0;
		};
		4D63C853FAF30300B4FB927F /* 📦 Check Pods Manifest.lock */ = {
			isa = PBXShellScriptBuildPhase;
			buildActionMask = 2147483647;
			files = (
			);
			inputPaths = (
			);
			name = "📦 Check Pods Manifest.lock";
			outputPaths = (
			);
			runOnlyForDeploymentPostprocessing = 0;
			shellPath = /bin/sh;
			shellScript = "diff \"${PODS_ROOT}/../Podfile.lock\" \"${PODS_ROOT}/Manifest.lock\" > /dev/null\nif [[ $? != 0 ]] ; then\n    cat << EOM\nerror: The sandbox is not in sync with the Podfile.lock. Run 'pod install' or update your CocoaPods installation.\nEOM\n    exit 1\nfi\n";
			showEnvVarsInLog = 0;
		};
		E2AA768BDA9518C837289DB7 /* 📦 Copy Pods Resources */ = {
			isa = PBXShellScriptBuildPhase;
			buildActionMask = 2147483647;
			files = (
			);
			inputPaths = (
			);
			name = "📦 Copy Pods Resources";
			outputPaths = (
			);
			runOnlyForDeploymentPostprocessing = 0;
			shellPath = /bin/sh;
			shellScript = "\"${SRCROOT}/../../NETO/PesosDolares/Pods/Target Support Files/Pods-PesosDolares/Pods-PesosDolares-resources.sh\"\n";
			showEnvVarsInLog = 0;
		};
/* End PBXShellScriptBuildPhase section */

/* Begin PBXSourcesBuildPhase section */
		C69FD6331D8E142D007EC2FC /* Sources */ = {
			isa = PBXSourcesBuildPhase;
			buildActionMask = 2147483647;
			files = (
				C6B765821D8E8543004A8162 /* Constants.swift in Sources */,
				C6D92FEE1E92134200E66AB6 /* GeoFire.m in Sources */,
				C6115A351DD7B96500A5D1A1 /* DataServices.swift in Sources */,
				C6D92FF21E92134200E66AB6 /* GFQuery.m in Sources */,
				C6D4BE881E9F12D400C9CCA5 /* MainVC.swift in Sources */,
				C69FD63D1D8E142D007EC2FC /* ViewController.swift in Sources */,
				C6115A371DD9ABD900A5D1A1 /* MaterialTableView.swift in Sources */,
				C6B7657C1D8E7E6E004A8162 /* SignIn.swift in Sources */,
				C6D4BE861E974D4F00C9CCA5 /* FIRmapLoc.swift in Sources */,
				C6D92FF01E92134200E66AB6 /* GFGeoHash.m in Sources */,
				C6D92FF11E92134200E66AB6 /* GFGeoHashQuery.m in Sources */,
				C6D92FEF1E92134200E66AB6 /* GFBase32Utils.m in Sources */,
				C6B7657F1D8E8394004A8162 /* ButtonView.swift in Sources */,
				C69FD63B1D8E142D007EC2FC /* AppDelegate.swift in Sources */,
				C62B56A11DE39D01000273A9 /* Post.swift in Sources */,
			);
			runOnlyForDeploymentPostprocessing = 0;
		};
/* End PBXSourcesBuildPhase section */

/* Begin PBXVariantGroup section */
		C69FD63E1D8E142D007EC2FC /* Main.storyboard */ = {
			isa = PBXVariantGroup;
			children = (
				C69FD63F1D8E142D007EC2FC /* Base */,
			);
			name = Main.storyboard;
			sourceTree = "<group>";
		};
		C69FD6431D8E142D007EC2FC /* LaunchScreen.storyboard */ = {
			isa = PBXVariantGroup;
			children = (
				C69FD6441D8E142D007EC2FC /* Base */,
			);
			name = LaunchScreen.storyboard;
			sourceTree = "<group>";
		};
/* End PBXVariantGroup section */

/* Begin XCBuildConfiguration section */
		C69FD6471D8E142D007EC2FC /* Debug */ = {
			isa = XCBuildConfiguration;
			buildSettings = {
				ALWAYS_SEARCH_USER_PATHS = NO;
				CLANG_ANALYZER_NONNULL = YES;
				CLANG_CXX_LANGUAGE_STANDARD = "gnu++0x";
				CLANG_CXX_LIBRARY = "libc++";
				CLANG_ENABLE_MODULES = YES;
				CLANG_ENABLE_OBJC_ARC = YES;
				CLANG_WARN_BOOL_CONVERSION = YES;
				CLANG_WARN_CONSTANT_CONVERSION = YES;
				CLANG_WARN_DIRECT_OBJC_ISA_USAGE = YES_ERROR;
				CLANG_WARN_DOCUMENTATION_COMMENTS = YES;
				CLANG_WARN_EMPTY_BODY = YES;
				CLANG_WARN_ENUM_CONVERSION = YES;
				CLANG_WARN_INFINITE_RECURSION = YES;
				CLANG_WARN_INT_CONVERSION = YES;
				CLANG_WARN_OBJC_ROOT_CLASS = YES_ERROR;
				CLANG_WARN_SUSPICIOUS_MOVE = YES;
				CLANG_WARN_SUSPICIOUS_MOVES = YES;
				CLANG_WARN_UNREACHABLE_CODE = YES;
				CLANG_WARN__DUPLICATE_METHOD_MATCH = YES;
				"CODE_SIGN_IDENTITY[sdk=iphoneos*]" = "iPhone Developer";
				COPY_PHASE_STRIP = NO;
				DEBUG_INFORMATION_FORMAT = dwarf;
				ENABLE_STRICT_OBJC_MSGSEND = YES;
				ENABLE_TESTABILITY = YES;
				GCC_C_LANGUAGE_STANDARD = gnu99;
				GCC_DYNAMIC_NO_PIC = NO;
				GCC_NO_COMMON_BLOCKS = YES;
				GCC_OPTIMIZATION_LEVEL = 0;
				GCC_PREPROCESSOR_DEFINITIONS = (
					"DEBUG=1",
					"$(inherited)",
				);
				GCC_WARN_64_TO_32_BIT_CONVERSION = YES;
				GCC_WARN_ABOUT_RETURN_TYPE = YES_ERROR;
				GCC_WARN_UNDECLARED_SELECTOR = YES;
				GCC_WARN_UNINITIALIZED_AUTOS = YES_AGGRESSIVE;
				GCC_WARN_UNUSED_FUNCTION = YES;
				GCC_WARN_UNUSED_VARIABLE = YES;
				IPHONEOS_DEPLOYMENT_TARGET = 10.0;
				MTL_ENABLE_DEBUG_INFO = YES;
				ONLY_ACTIVE_ARCH = YES;
				SDKROOT = iphoneos;
				SWIFT_ACTIVE_COMPILATION_CONDITIONS = DEBUG;
				SWIFT_OPTIMIZATION_LEVEL = "-Onone";
				TARGETED_DEVICE_FAMILY = "1,2";
			};
			name = Debug;
		};
		C69FD6481D8E142D007EC2FC /* Release */ = {
			isa = XCBuildConfiguration;
			buildSettings = {
				ALWAYS_SEARCH_USER_PATHS = NO;
				CLANG_ANALYZER_NONNULL = YES;
				CLANG_CXX_LANGUAGE_STANDARD = "gnu++0x";
				CLANG_CXX_LIBRARY = "libc++";
				CLANG_ENABLE_MODULES = YES;
				CLANG_ENABLE_OBJC_ARC = YES;
				CLANG_WARN_BOOL_CONVERSION = YES;
				CLANG_WARN_CONSTANT_CONVERSION = YES;
				CLANG_WARN_DIRECT_OBJC_ISA_USAGE = YES_ERROR;
				CLANG_WARN_DOCUMENTATION_COMMENTS = YES;
				CLANG_WARN_EMPTY_BODY = YES;
				CLANG_WARN_ENUM_CONVERSION = YES;
				CLANG_WARN_INFINITE_RECURSION = YES;
				CLANG_WARN_INT_CONVERSION = YES;
				CLANG_WARN_OBJC_ROOT_CLASS = YES_ERROR;
				CLANG_WARN_SUSPICIOUS_MOVE = YES;
				CLANG_WARN_SUSPICIOUS_MOVES = YES;
				CLANG_WARN_UNREACHABLE_CODE = YES;
				CLANG_WARN__DUPLICATE_METHOD_MATCH = YES;
				"CODE_SIGN_IDENTITY[sdk=iphoneos*]" = "iPhone Developer";
				COPY_PHASE_STRIP = NO;
				DEBUG_INFORMATION_FORMAT = "dwarf-with-dsym";
				ENABLE_NS_ASSERTIONS = NO;
				ENABLE_STRICT_OBJC_MSGSEND = YES;
				GCC_C_LANGUAGE_STANDARD = gnu99;
				GCC_NO_COMMON_BLOCKS = YES;
				GCC_WARN_64_TO_32_BIT_CONVERSION = YES;
				GCC_WARN_ABOUT_RETURN_TYPE = YES_ERROR;
				GCC_WARN_UNDECLARED_SELECTOR = YES;
				GCC_WARN_UNINITIALIZED_AUTOS = YES_AGGRESSIVE;
				GCC_WARN_UNUSED_FUNCTION = YES;
				GCC_WARN_UNUSED_VARIABLE = YES;
				IPHONEOS_DEPLOYMENT_TARGET = 10.0;
				MTL_ENABLE_DEBUG_INFO = NO;
				SDKROOT = iphoneos;
				SWIFT_OPTIMIZATION_LEVEL = "-Owholemodule";
				TARGETED_DEVICE_FAMILY = "1,2";
				VALIDATE_PRODUCT = YES;
			};
			name = Release;
		};
		C69FD64A1D8E142D007EC2FC /* Debug */ = {
			isa = XCBuildConfiguration;
			baseConfigurationReference = 03B0170A5EBA74B13F41F5CD /* Pods-PesosDolares.debug.xcconfig */;
			buildSettings = {
				ASSETCATALOG_COMPILER_APPICON_NAME = AppIcon;
				CODE_SIGN_ENTITLEMENTS = PesosDolares/PesosDolares.entitlements;
				DEVELOPMENT_TEAM = 4E3DMLND7G;
				FRAMEWORK_SEARCH_PATHS = (
					"$(inherited)",
					"$(PROJECT_DIR)/PesosDolares",
					"$(PROJECT_DIR)",
				);
				INFOPLIST_FILE = PesosDolares/Info.plist;
				LD_RUNPATH_SEARCH_PATHS = "$(inherited) @executable_path/Frameworks";
				PRODUCT_BUNDLE_IDENTIFIER = com.netoInc.PesosDolares;
				PRODUCT_NAME = "$(TARGET_NAME)";
				SWIFT_OBJC_BRIDGING_HEADER = "PesosDolares-Bridging-Header.h";
				SWIFT_VERSION = 3.0;
			};
			name = Debug;
		};
		C69FD64B1D8E142D007EC2FC /* Release */ = {
			isa = XCBuildConfiguration;
			baseConfigurationReference = 4330C7C0306738EA13079CE5 /* Pods-PesosDolares.release.xcconfig */;
			buildSettings = {
				ASSETCATALOG_COMPILER_APPICON_NAME = AppIcon;
				CODE_SIGN_ENTITLEMENTS = PesosDolares/PesosDolares.entitlements;
				DEVELOPMENT_TEAM = 4E3DMLND7G;
				FRAMEWORK_SEARCH_PATHS = (
					"$(inherited)",
					"$(PROJECT_DIR)/PesosDolares",
					"$(PROJECT_DIR)",
				);
				INFOPLIST_FILE = PesosDolares/Info.plist;
				LD_RUNPATH_SEARCH_PATHS = "$(inherited) @executable_path/Frameworks";
				PRODUCT_BUNDLE_IDENTIFIER = com.netoInc.PesosDolares;
				PRODUCT_NAME = "$(TARGET_NAME)";
				SWIFT_OBJC_BRIDGING_HEADER = "PesosDolares-Bridging-Header.h";
				SWIFT_VERSION = 3.0;
			};
			name = Release;
		};
/* End XCBuildConfiguration section */

/* Begin XCConfigurationList section */
		C69FD6321D8E142D007EC2FC /* Build configuration list for PBXProject "PesosDolares" */ = {
			isa = XCConfigurationList;
			buildConfigurations = (
				C69FD6471D8E142D007EC2FC /* Debug */,
				C69FD6481D8E142D007EC2FC /* Release */,
			);
			defaultConfigurationIsVisible = 0;
			defaultConfigurationName = Release;
		};
		C69FD6491D8E142D007EC2FC /* Build configuration list for PBXNativeTarget "PesosDolares" */ = {
			isa = XCConfigurationList;
			buildConfigurations = (
				C69FD64A1D8E142D007EC2FC /* Debug */,
				C69FD64B1D8E142D007EC2FC /* Release */,
			);
			defaultConfigurationIsVisible = 0;
			defaultConfigurationName = Release;
		};
/* End XCConfigurationList section */
	};
	rootObject = C69FD62F1D8E142D007EC2FC /* Project object */;
}
