// !$*UTF8*$!
{
	archiveVersion = 1;
	classes = {
	};
	objectVersion = 46;
	objects = {

/* Begin PBXBuildFile section */
		C61FB3141CC485D000F61395 /* AppDelegate.swift in Sources */ = {isa = PBXBuildFile; fileRef = C61FB3131CC485D000F61395 /* AppDelegate.swift */; };
		C61FB3161CC485D000F61395 /* ViewController.swift in Sources */ = {isa = PBXBuildFile; fileRef = C61FB3151CC485D000F61395 /* ViewController.swift */; };
		C61FB3191CC485D000F61395 /* Main.storyboard in Resources */ = {isa = PBXBuildFile; fileRef = C61FB3171CC485D000F61395 /* Main.storyboard */; };
		C61FB31B1CC485D000F61395 /* Assets.xcassets in Resources */ = {isa = PBXBuildFile; fileRef = C61FB31A1CC485D000F61395 /* Assets.xcassets */; };
		C61FB31E1CC485D000F61395 /* LaunchScreen.storyboard in Resources */ = {isa = PBXBuildFile; fileRef = C61FB31C1CC485D000F61395 /* LaunchScreen.storyboard */; };
		C6509D511CC494040054FBE1 /* DetailVC.swift in Sources */ = {isa = PBXBuildFile; fileRef = C6509D501CC494040054FBE1 /* DetailVC.swift */; };
/* End PBXBuildFile section */

/* Begin PBXFileReference section */
		C61FB3101CC485D000F61395 /* MexicaliApp.app */ = {isa = PBXFileReference; explicitFileType = wrapper.application; includeInIndex = 0; path = MexicaliApp.app; sourceTree = BUILT_PRODUCTS_DIR; };
		C61FB3131CC485D000F61395 /* AppDelegate.swift */ = {isa = PBXFileReference; lastKnownFileType = sourcecode.swift; path = AppDelegate.swift; sourceTree = "<group>"; };
		C61FB3151CC485D000F61395 /* ViewController.swift */ = {isa = PBXFileReference; lastKnownFileType = sourcecode.swift; path = ViewController.swift; sourceTree = "<group>"; };
		C61FB3181CC485D000F61395 /* Base */ = {isa = PBXFileReference; lastKnownFileType = file.storyboard; name = Base; path = Base.lproj/Main.storyboard; sourceTree = "<group>"; };
		C61FB31A1CC485D000F61395 /* Assets.xcassets */ = {isa = PBXFileReference; lastKnownFileType = folder.assetcatalog; path = Assets.xcassets; sourceTree = "<group>"; };
		C61FB31D1CC485D000F61395 /* Base */ = {isa = PBXFileReference; lastKnownFileType = file.storyboard; name = Base; path = Base.lproj/LaunchScreen.storyboard; sourceTree = "<group>"; };
		C61FB31F1CC485D000F61395 /* Info.plist */ = {isa = PBXFileReference; lastKnownFileType = text.plist.xml; path = Info.plist; sourceTree = "<group>"; };
		C6509D501CC494040054FBE1 /* DetailVC.swift */ = {isa = PBXFileReference; fileEncoding = 4; lastKnownFileType = sourcecode.swift; path = DetailVC.swift; sourceTree = "<group>"; };
/* End PBXFileReference section */

/* Begin PBXFrameworksBuildPhase section */
		C61FB30D1CC485D000F61395 /* Frameworks */ = {
			isa = PBXFrameworksBuildPhase;
			buildActionMask = 2147483647;
			files = (
			);
			runOnlyForDeploymentPostprocessing = 0;
		};
/* End PBXFrameworksBuildPhase section */

/* Begin PBXGroup section */
		C61FB3071CC485D000F61395 = {
			isa = PBXGroup;
			children = (
				C61FB3121CC485D000F61395 /* MexicaliApp */,
				C61FB3111CC485D000F61395 /* Products */,
			);
			sourceTree = "<group>";
		};
		C61FB3111CC485D000F61395 /* Products */ = {
			isa = PBXGroup;
			children = (
				C61FB3101CC485D000F61395 /* MexicaliApp.app */,
			);
			name = Products;
			sourceTree = "<group>";
		};
		C61FB3121CC485D000F61395 /* MexicaliApp */ = {
			isa = PBXGroup;
			children = (
				C61FB3131CC485D000F61395 /* AppDelegate.swift */,
				C61FB3151CC485D000F61395 /* ViewController.swift */,
				C61FB3171CC485D000F61395 /* Main.storyboard */,
				C61FB31A1CC485D000F61395 /* Assets.xcassets */,
				C61FB31C1CC485D000F61395 /* LaunchScreen.storyboard */,
				C61FB31F1CC485D000F61395 /* Info.plist */,
				C6509D501CC494040054FBE1 /* DetailVC.swift */,
			);
			path = MexicaliApp;
			sourceTree = "<group>";
		};
/* End PBXGroup section */

/* Begin PBXNativeTarget section */
		C61FB30F1CC485D000F61395 /* MexicaliApp */ = {
			isa = PBXNativeTarget;
			buildConfigurationList = C61FB3221CC485D000F61395 /* Build configuration list for PBXNativeTarget "MexicaliApp" */;
			buildPhases = (
				C61FB30C1CC485D000F61395 /* Sources */,
				C61FB30D1CC485D000F61395 /* Frameworks */,
				C61FB30E1CC485D000F61395 /* Resources */,
			);
			buildRules = (
			);
			dependencies = (
			);
			name = MexicaliApp;
			productName = MexicaliApp;
			productReference = C61FB3101CC485D000F61395 /* MexicaliApp.app */;
			productType = "com.apple.product-type.application";
		};
/* End PBXNativeTarget section */

/* Begin PBXProject section */
		C61FB3081CC485D000F61395 /* Project object */ = {
			isa = PBXProject;
			attributes = {
				LastSwiftUpdateCheck = 0730;
				LastUpgradeCheck = 0730;
				ORGANIZATIONNAME = NetoCo;
				TargetAttributes = {
					C61FB30F1CC485D000F61395 = {
						CreatedOnToolsVersion = 7.3;
						DevelopmentTeam = 4E3DMLND7G;
					};
				};
			};
			buildConfigurationList = C61FB30B1CC485D000F61395 /* Build configuration list for PBXProject "MexicaliApp" */;
			compatibilityVersion = "Xcode 3.2";
			developmentRegion = English;
			hasScannedForEncodings = 0;
			knownRegions = (
				en,
				Base,
			);
			mainGroup = C61FB3071CC485D000F61395;
			productRefGroup = C61FB3111CC485D000F61395 /* Products */;
			projectDirPath = "";
			projectRoot = "";
			targets = (
				C61FB30F1CC485D000F61395 /* MexicaliApp */,
			);
		};
/* End PBXProject section */

/* Begin PBXResourcesBuildPhase section */
		C61FB30E1CC485D000F61395 /* Resources */ = {
			isa = PBXResourcesBuildPhase;
			buildActionMask = 2147483647;
			files = (
				C61FB31E1CC485D000F61395 /* LaunchScreen.storyboard in Resources */,
				C61FB31B1CC485D000F61395 /* Assets.xcassets in Resources */,
				C61FB3191CC485D000F61395 /* Main.storyboard in Resources */,
			);
			runOnlyForDeploymentPostprocessing = 0;
		};
/* End PBXResourcesBuildPhase section */

/* Begin PBXSourcesBuildPhase section */
		C61FB30C1CC485D000F61395 /* Sources */ = {
			isa = PBXSourcesBuildPhase;
			buildActionMask = 2147483647;
			files = (
				C61FB3161CC485D000F61395 /* ViewController.swift in Sources */,
				C61FB3141CC485D000F61395 /* AppDelegate.swift in Sources */,
				C6509D511CC494040054FBE1 /* DetailVC.swift in Sources */,
			);
			runOnlyForDeploymentPostprocessing = 0;
		};
/* End PBXSourcesBuildPhase section */

/* Begin PBXVariantGroup section */
		C61FB3171CC485D000F61395 /* Main.storyboard */ = {
			isa = PBXVariantGroup;
			children = (
				C61FB3181CC485D000F61395 /* Base */,
			);
			name = Main.storyboard;
			sourceTree = "<group>";
		};
		C61FB31C1CC485D000F61395 /* LaunchScreen.storyboard */ = {
			isa = PBXVariantGroup;
			children = (
				C61FB31D1CC485D000F61395 /* Base */,
			);
			name = LaunchScreen.storyboard;
			sourceTree = "<group>";
		};
/* End PBXVariantGroup section */

/* Begin XCBuildConfiguration section */
		C61FB3201CC485D000F61395 /* Debug */ = {
			isa = XCBuildConfiguration;
			buildSettings = {
				ALWAYS_SEARCH_USER_PATHS = NO;
				CLANG_ANALYZER_NONNULL = YES;
				CLANG_CXX_LANGUAGE_STANDARD = "gnu++0x";
				CLANG_CXX_LIBRARY = "libc++";
				CLANG_ENABLE_MODULES = YES;
				CLANG_ENABLE_OBJC_ARC = YES;
				CLANG_WARN_BOOL_CONVERSION = YES;
				CLANG_WARN_CONSTANT_CONVERSION = YES;
				CLANG_WARN_DIRECT_OBJC_ISA_USAGE = YES_ERROR;
				CLANG_WARN_EMPTY_BODY = YES;
				CLANG_WARN_ENUM_CONVERSION = YES;
				CLANG_WARN_INT_CONVERSION = YES;
				CLANG_WARN_OBJC_ROOT_CLASS = YES_ERROR;
				CLANG_WARN_UNREACHABLE_CODE = YES;
				CLANG_WARN__DUPLICATE_METHOD_MATCH = YES;
				"CODE_SIGN_IDENTITY[sdk=iphoneos*]" = "iPhone Developer";
				COPY_PHASE_STRIP = NO;
				DEBUG_INFORMATION_FORMAT = dwarf;
				ENABLE_STRICT_OBJC_MSGSEND = YES;
				ENABLE_TESTABILITY = YES;
				GCC_C_LANGUAGE_STANDARD = gnu99;
				GCC_DYNAMIC_NO_PIC = NO;
				GCC_NO_COMMON_BLOCKS = YES;
				GCC_OPTIMIZATION_LEVEL = 0;
				GCC_PREPROCESSOR_DEFINITIONS = (
					"DEBUG=1",
					"$(inherited)",
				);
				GCC_WARN_64_TO_32_BIT_CONVERSION = YES;
				GCC_WARN_ABOUT_RETURN_TYPE = YES_ERROR;
				GCC_WARN_UNDECLARED_SELECTOR = YES;
				GCC_WARN_UNINITIALIZED_AUTOS = YES_AGGRESSIVE;
				GCC_WARN_UNUSED_FUNCTION = YES;
				GCC_WARN_UNUSED_VARIABLE = YES;
				IPHONEOS_DEPLOYMENT_TARGET = 9.3;
				MTL_ENABLE_DEBUG_INFO = YES;
				ONLY_ACTIVE_ARCH = YES;
				SDKROOT = iphoneos;
				SWIFT_OPTIMIZATION_LEVEL = "-Onone";
				TARGETED_DEVICE_FAMILY = "1,2";
			};
			name = Debug;
		};
		C61FB3211CC485D000F61395 /* Release */ = {
			isa = XCBuildConfiguration;
			buildSettings = {
				ALWAYS_SEARCH_USER_PATHS = NO;
				CLANG_ANALYZER_NONNULL = YES;
				CLANG_CXX_LANGUAGE_STANDARD = "gnu++0x";
				CLANG_CXX_LIBRARY = "libc++";
				CLANG_ENABLE_MODULES = YES;
				CLANG_ENABLE_OBJC_ARC = YES;
				CLANG_WARN_BOOL_CONVERSION = YES;
				CLANG_WARN_CONSTANT_CONVERSION = YES;
				CLANG_WARN_DIRECT_OBJC_ISA_USAGE = YES_ERROR;
				CLANG_WARN_EMPTY_BODY = YES;
				CLANG_WARN_ENUM_CONVERSION = YES;
				CLANG_WARN_INT_CONVERSION = YES;
				CLANG_WARN_OBJC_ROOT_CLASS = YES_ERROR;
				CLANG_WARN_UNREACHABLE_CODE = YES;
				CLANG_WARN__DUPLICATE_METHOD_MATCH = YES;
				"CODE_SIGN_IDENTITY[sdk=iphoneos*]" = "iPhone Developer";
				COPY_PHASE_STRIP = NO;
				DEBUG_INFORMATION_FORMAT = "dwarf-with-dsym";
				ENABLE_NS_ASSERTIONS = NO;
				ENABLE_STRICT_OBJC_MSGSEND = YES;
				GCC_C_LANGUAGE_STANDARD = gnu99;
				GCC_NO_COMMON_BLOCKS = YES;
				GCC_WARN_64_TO_32_BIT_CONVERSION = YES;
				GCC_WARN_ABOUT_RETURN_TYPE = YES_ERROR;
				GCC_WARN_UNDECLARED_SELECTOR = YES;
				GCC_WARN_UNINITIALIZED_AUTOS = YES_AGGRESSIVE;
				GCC_WARN_UNUSED_FUNCTION = YES;
				GCC_WARN_UNUSED_VARIABLE = YES;
				IPHONEOS_DEPLOYMENT_TARGET = 9.3;
				MTL_ENABLE_DEBUG_INFO = NO;
				SDKROOT = iphoneos;
				TARGETED_DEVICE_FAMILY = "1,2";
				VALIDATE_PRODUCT = YES;
			};
			name = Release;
		};
		C61FB3231CC485D000F61395 /* Debug */ = {
			isa = XCBuildConfiguration;
			buildSettings = {
				ASSETCATALOG_COMPILER_APPICON_NAME = AppIcon;
				INFOPLIST_FILE = MexicaliApp/Info.plist;
				LD_RUNPATH_SEARCH_PATHS = "$(inherited) @executable_path/Frameworks";
				PRODUCT_BUNDLE_IDENTIFIER = com.currencymood.MexicaliApp;
				PRODUCT_NAME = "$(TARGET_NAME)";
			};
			name = Debug;
		};
		C61FB3241CC485D000F61395 /* Release */ = {
			isa = XCBuildConfiguration;
			buildSettings = {
				ASSETCATALOG_COMPILER_APPICON_NAME = AppIcon;
				INFOPLIST_FILE = MexicaliApp/Info.plist;
				LD_RUNPATH_SEARCH_PATHS = "$(inherited) @executable_path/Frameworks";
				PRODUCT_BUNDLE_IDENTIFIER = com.currencymood.MexicaliApp;
				PRODUCT_NAME = "$(TARGET_NAME)";
			};
			name = Release;
		};
/* End XCBuildConfiguration section */

/* Begin XCConfigurationList section */
		C61FB30B1CC485D000F61395 /* Build configuration list for PBXProject "MexicaliApp" */ = {
			isa = XCConfigurationList;
			buildConfigurations = (
				C61FB3201CC485D000F61395 /* Debug */,
				C61FB3211CC485D000F61395 /* Release */,
			);
			defaultConfigurationIsVisible = 0;
			defaultConfigurationName = Release;
		};
		C61FB3221CC485D000F61395 /* Build configuration list for PBXNativeTarget "MexicaliApp" */ = {
			isa = XCConfigurationList;
			buildConfigurations = (
				C61FB3231CC485D000F61395 /* Debug */,
				C61FB3241CC485D000F61395 /* Release */,
			);
			defaultConfigurationIsVisible = 0;
			defaultConfigurationName = Release;
		};
/* End XCConfigurationList section */
	};
	rootObject = C61FB3081CC485D000F61395 /* Project object */;
}
